{
  "name": "Next JS Practice",
  "lockfileVersion": 3,
  "requires": true,
  "packages": {
    "": {
      "dependencies": {
        "next-nprogress-bar": "^2.1.0"
      }
    },
    "node_modules/next-nprogress-bar": {
      "version": "2.1.0",
      "resolved": "https://registry.npmjs.org/next-nprogress-bar/-/next-nprogress-bar-2.1.0.tgz",
      "integrity": "sha512-3bdFBGZVHJ9JSZlTYqMW4GpsINIVz/FHfaGJf6vddUqUkH+36FNtGdGY0tVAdMk6ft14Wmy9C+o+VOH9MXCv0g==",
      "dependencies": {
        "nprogress": "^0.2.0"
      }
    },
    "node_modules/nprogress": {
      "version": "0.2.0",
      "resolved": "https://registry.npmjs.org/nprogress/-/nprogress-0.2.0.tgz",
      "integrity": "sha512-I19aIingLgR1fmhftnbWWO3dXc0hSxqHQHQb3H8m+K3TnEn/iSeTZZOyvKXWqQESMwuUVnatlCnZdLBZZt2VSA=="
    }
  }
}
